Microsoft Visual Studio Solution File, Format Version 9.00
# Visual Studio 2005
Project("{8BC9CEB8-8B4A-11D0-8D11-00A0C91BC942}") = "x_botlib", "x_botlib\x_botlib.vcproj", "{ACB93D0D-F6CB-480B-9B20-CE6C5EDC13BD}"
EndProject
Project("{8BC9CEB8-8B4A-11D0-8D11-00A0C91BC942}") = "x_exe", "x_exe\x_exe.vcproj", "{EEDF772D-5D2B-4C0F-B5C8-0A5828917847}"
	ProjectSection(ProjectDependencies) = postProject
		{A0451C0A-0B2F-400A-BBB1-98F517FAB30B} = {A0451C0A-0B2F-400A-BBB1-98F517FAB30B}
		{ACB93D0D-F6CB-480B-9B20-CE6C5EDC13BD} = {ACB93D0D-F6CB-480B-9B20-CE6C5EDC13BD}
		{613EA919-780E-416D-90A9-67D3EB27F899} = {613EA919-780E-416D-90A9-67D3EB27F899}
		{C79C9037-8F32-4833-A276-96B2FB96CCA5} = {C79C9037-8F32-4833-A276-96B2FB96CCA5}
		{0959DD50-BCBA-4551-9617-E6FD4DF85298} = {0959DD50-BCBA-4551-9617-E6FD4DF85298}
	EndProjectSection
EndProject
Project("{8BC9CEB8-8B4A-11D0-8D11-00A0C91BC942}") = "x_jk2cgame", "x_jk2cgame\x_jk2cgame.vcproj", "{C79C9037-8F32-4833-A276-96B2FB96CCA5}"
EndProject
Project("{8BC9CEB8-8B4A-11D0-8D11-00A0C91BC942}") = "x_jk2game", "x_jk2game\x_jk2game.vcproj", "{A0451C0A-0B2F-400A-BBB1-98F517FAB30B}"
EndProject
Project("{8BC9CEB8-8B4A-11D0-8D11-00A0C91BC942}") = "x_ui", "x_ui\x_ui.vcproj", "{613EA919-780E-416D-90A9-67D3EB27F899}"
EndProject
Project("{8BC9CEB8-8B4A-11D0-8D11-00A0C91BC942}") = "goblib", "goblib\goblib.vcproj", "{0959DD50-BCBA-4551-9617-E6FD4DF85298}"
EndProject
Project("{2150E333-8FDC-42A3-9474-1A3956D46DE8}") = "Solution Items", "Solution Items", "{76BECED7-1A5F-4A06-B319-D5B461314DB3}"
	ProjectSection(SolutionItems) = preProject
		CommandLine.txt = CommandLine.txt
		install.bat = install.bat
		VU.bat = VU.bat
	EndProjectSection
EndProject
Global
	GlobalSection(SolutionConfigurationPlatforms) = preSolution
		Debug|Win32 = Debug|Win32
		Final|Win32 = Final|Win32
		FinalBuild|Win32 = FinalBuild|Win32
		Release|Win32 = Release|Win32
	EndGlobalSection
	GlobalSection(ProjectConfigurationPlatforms) = postSolution
		{ACB93D0D-F6CB-480B-9B20-CE6C5EDC13BD}.Debug|Win32.ActiveCfg = Debug|Win32
		{ACB93D0D-F6CB-480B-9B20-CE6C5EDC13BD}.Debug|Win32.Build.0 = Debug|Win32
		{ACB93D0D-F6CB-480B-9B20-CE6C5EDC13BD}.Final|Win32.ActiveCfg = FinalBuild|Win32
		{ACB93D0D-F6CB-480B-9B20-CE6C5EDC13BD}.Final|Win32.Build.0 = FinalBuild|Win32
		{ACB93D0D-F6CB-480B-9B20-CE6C5EDC13BD}.FinalBuild|Win32.ActiveCfg = FinalBuild|Win32
		{ACB93D0D-F6CB-480B-9B20-CE6C5EDC13BD}.FinalBuild|Win32.Build.0 = FinalBuild|Win32
		{ACB93D0D-F6CB-480B-9B20-CE6C5EDC13BD}.Release|Win32.ActiveCfg = Release|Win32
		{ACB93D0D-F6CB-480B-9B20-CE6C5EDC13BD}.Release|Win32.Build.0 = Release|Win32
		{EEDF772D-5D2B-4C0F-B5C8-0A5828917847}.Debug|Win32.ActiveCfg = Debug|Win32
		{EEDF772D-5D2B-4C0F-B5C8-0A5828917847}.Debug|Win32.Build.0 = Debug|Win32
		{EEDF772D-5D2B-4C0F-B5C8-0A5828917847}.Final|Win32.ActiveCfg = FinalBuild|Win32
		{EEDF772D-5D2B-4C0F-B5C8-0A5828917847}.FinalBuild|Win32.ActiveCfg = FinalBuild|Win32
		{EEDF772D-5D2B-4C0F-B5C8-0A5828917847}.Release|Win32.ActiveCfg = Release|Win32
		{C79C9037-8F32-4833-A276-96B2FB96CCA5}.Debug|Win32.ActiveCfg = Debug|Win32
		{C79C9037-8F32-4833-A276-96B2FB96CCA5}.Debug|Win32.Build.0 = Debug|Win32
		{C79C9037-8F32-4833-A276-96B2FB96CCA5}.Final|Win32.ActiveCfg = FinalBuild|Win32
		{C79C9037-8F32-4833-A276-96B2FB96CCA5}.Final|Win32.Build.0 = FinalBuild|Win32
		{C79C9037-8F32-4833-A276-96B2FB96CCA5}.FinalBuild|Win32.ActiveCfg = FinalBuild|Win32
		{C79C9037-8F32-4833-A276-96B2FB96CCA5}.FinalBuild|Win32.Build.0 = FinalBuild|Win32
		{C79C9037-8F32-4833-A276-96B2FB96CCA5}.Release|Win32.ActiveCfg = Release|Win32
		{C79C9037-8F32-4833-A276-96B2FB96CCA5}.Release|Win32.Build.0 = Release|Win32
		{A0451C0A-0B2F-400A-BBB1-98F517FAB30B}.Debug|Win32.ActiveCfg = Debug|Win32
		{A0451C0A-0B2F-400A-BBB1-98F517FAB30B}.Debug|Win32.Build.0 = Debug|Win32
		{A0451C0A-0B2F-400A-BBB1-98F517FAB30B}.Final|Win32.ActiveCfg = FinalBuild|Win32
		{A0451C0A-0B2F-400A-BBB1-98F517FAB30B}.Final|Win32.Build.0 = FinalBuild|Win32
		{A0451C0A-0B2F-400A-BBB1-98F517FAB30B}.FinalBuild|Win32.ActiveCfg = FinalBuild|Win32
		{A0451C0A-0B2F-400A-BBB1-98F517FAB30B}.FinalBuild|Win32.Build.0 = FinalBuild|Win32
		{A0451C0A-0B2F-400A-BBB1-98F517FAB30B}.Release|Win32.ActiveCfg = Release|Win32
		{A0451C0A-0B2F-400A-BBB1-98F517FAB30B}.Release|Win32.Build.0 = Release|Win32
		{613EA919-780E-416D-90A9-67D3EB27F899}.Debug|Win32.ActiveCfg = Debug|Win32
		{613EA919-780E-416D-90A9-67D3EB27F899}.Debug|Win32.Build.0 = Debug|Win32
		{613EA919-780E-416D-90A9-67D3EB27F899}.Final|Win32.ActiveCfg = FinalBuild|Win32
		{613EA919-780E-416D-90A9-67D3EB27F899}.Final|Win32.Build.0 = FinalBuild|Win32
		{613EA919-780E-416D-90A9-67D3EB27F899}.FinalBuild|Win32.ActiveCfg = FinalBuild|Win32
		{613EA919-780E-416D-90A9-67D3EB27F899}.FinalBuild|Win32.Build.0 = FinalBuild|Win32
		{613EA919-780E-416D-90A9-67D3EB27F899}.Release|Win32.ActiveCfg = Release|Win32
		{613EA919-780E-416D-90A9-67D3EB27F899}.Release|Win32.Build.0 = Release|Win32
		{0959DD50-BCBA-4551-9617-E6FD4DF85298}.Debug|Win32.ActiveCfg = Debug|Win32
		{0959DD50-BCBA-4551-9617-E6FD4DF85298}.Debug|Win32.Build.0 = Debug|Win32
		{0959DD50-BCBA-4551-9617-E6FD4DF85298}.Final|Win32.ActiveCfg = FinalBuild|Win32
		{0959DD50-BCBA-4551-9617-E6FD4DF85298}.Final|Win32.Build.0 = FinalBuild|Win32
		{0959DD50-BCBA-4551-9617-E6FD4DF85298}.FinalBuild|Win32.ActiveCfg = FinalBuild|Win32
		{0959DD50-BCBA-4551-9617-E6FD4DF85298}.FinalBuild|Win32.Build.0 = FinalBuild|Win32
		{0959DD50-BCBA-4551-9617-E6FD4DF85298}.Release|Win32.ActiveCfg = Release|Win32
		{0959DD50-BCBA-4551-9617-E6FD4DF85298}.Release|Win32.Build.0 = Release|Win32
	EndGlobalSection
	GlobalSection(SolutionProperties) = preSolution
		HideSolutionNode = FALSE
	EndGlobalSection
	GlobalSection(DevPartner) = postSolution
	EndGlobalSection
EndGlobal
