Microsoft Visual Studio Solution File, Format Version 9.00
# Visual Studio 2005
Project("{8BC9CEB8-8B4A-11D0-8D11-00A0C91BC942}") = "x_exe", "x_exe\x_exe.vcproj", "{FD1DA207-0D4A-47A8-A6AD-B81AE1BA28DA}"
	ProjectSection(ProjectDependencies) = postProject
		{E7A12117-F3B0-4C68-9B44-66CEFCA3AEAA} = {E7A12117-F3B0-4C68-9B44-66CEFCA3AEAA}
		{68A067E3-BB9E-435B-9AA3-DD45DB2AA4DB} = {68A067E3-BB9E-435B-9AA3-DD45DB2AA4DB}
	EndProjectSection
EndProject
Project("{8BC9CEB8-8B4A-11D0-8D11-00A0C91BC942}") = "goblib", "goblib\goblib.vcproj", "{68A067E3-BB9E-435B-9AA3-DD45DB2AA4DB}"
EndProject
Project("{8BC9CEB8-8B4A-11D0-8D11-00A0C91BC942}") = "x_game", "x_game\x_game.vcproj", "{E7A12117-F3B0-4C68-9B44-66CEFCA3AEAA}"
EndProject
Project("{2150E333-8FDC-42A3-9474-1A3956D46DE8}") = "Solution Items", "Solution Items", "{0B4617D3-3152-45F7-BAB5-37EE026EEB41}"
EndProject
Global
	GlobalSection(SolutionConfigurationPlatforms) = preSolution
		Debug|Default = Debug|Default
		DemoDebug|Default = DemoDebug|Default
		DemoFinal|Default = DemoFinal|Default
		DemoRelease|Default = DemoRelease|Default
		FinalBuild|Default = FinalBuild|Default
		Release|Default = Release|Default
		SHDebug|Default = SHDebug|Default
	EndGlobalSection
	GlobalSection(ProjectConfigurationPlatforms) = postSolution
		{FD1DA207-0D4A-47A8-A6AD-B81AE1BA28DA}.Debug|Default.ActiveCfg = Debug|Win32
		{FD1DA207-0D4A-47A8-A6AD-B81AE1BA28DA}.Debug|Default.Build.0 = Debug|Win32
		{FD1DA207-0D4A-47A8-A6AD-B81AE1BA28DA}.DemoDebug|Default.ActiveCfg = DemoDebug|Win32
		{FD1DA207-0D4A-47A8-A6AD-B81AE1BA28DA}.DemoDebug|Default.Build.0 = DemoDebug|Win32
		{FD1DA207-0D4A-47A8-A6AD-B81AE1BA28DA}.DemoFinal|Default.ActiveCfg = DemoFinal|Win32
		{FD1DA207-0D4A-47A8-A6AD-B81AE1BA28DA}.DemoFinal|Default.Build.0 = DemoFinal|Win32
		{FD1DA207-0D4A-47A8-A6AD-B81AE1BA28DA}.DemoRelease|Default.ActiveCfg = DemoRelease|Win32
		{FD1DA207-0D4A-47A8-A6AD-B81AE1BA28DA}.DemoRelease|Default.Build.0 = DemoRelease|Win32
		{FD1DA207-0D4A-47A8-A6AD-B81AE1BA28DA}.FinalBuild|Default.ActiveCfg = FinalBuild|Win32
		{FD1DA207-0D4A-47A8-A6AD-B81AE1BA28DA}.FinalBuild|Default.Build.0 = FinalBuild|Win32
		{FD1DA207-0D4A-47A8-A6AD-B81AE1BA28DA}.Release|Default.ActiveCfg = Release|Win32
		{FD1DA207-0D4A-47A8-A6AD-B81AE1BA28DA}.Release|Default.Build.0 = Release|Win32
		{FD1DA207-0D4A-47A8-A6AD-B81AE1BA28DA}.SHDebug|Default.ActiveCfg = Debug|Win32
		{FD1DA207-0D4A-47A8-A6AD-B81AE1BA28DA}.SHDebug|Default.Build.0 = Debug|Win32
		{68A067E3-BB9E-435B-9AA3-DD45DB2AA4DB}.Debug|Default.ActiveCfg = Debug|Win32
		{68A067E3-BB9E-435B-9AA3-DD45DB2AA4DB}.Debug|Default.Build.0 = Debug|Win32
		{68A067E3-BB9E-435B-9AA3-DD45DB2AA4DB}.DemoDebug|Default.ActiveCfg = DemoDebug|Win32
		{68A067E3-BB9E-435B-9AA3-DD45DB2AA4DB}.DemoDebug|Default.Build.0 = DemoDebug|Win32
		{68A067E3-BB9E-435B-9AA3-DD45DB2AA4DB}.DemoFinal|Default.ActiveCfg = DemoFinal|Win32
		{68A067E3-BB9E-435B-9AA3-DD45DB2AA4DB}.DemoFinal|Default.Build.0 = DemoFinal|Win32
		{68A067E3-BB9E-435B-9AA3-DD45DB2AA4DB}.DemoRelease|Default.ActiveCfg = DemoRelease|Win32
		{68A067E3-BB9E-435B-9AA3-DD45DB2AA4DB}.DemoRelease|Default.Build.0 = DemoRelease|Win32
		{68A067E3-BB9E-435B-9AA3-DD45DB2AA4DB}.FinalBuild|Default.ActiveCfg = FinalBuild|Win32
		{68A067E3-BB9E-435B-9AA3-DD45DB2AA4DB}.FinalBuild|Default.Build.0 = FinalBuild|Win32
		{68A067E3-BB9E-435B-9AA3-DD45DB2AA4DB}.Release|Default.ActiveCfg = Release|Win32
		{68A067E3-BB9E-435B-9AA3-DD45DB2AA4DB}.Release|Default.Build.0 = Release|Win32
		{68A067E3-BB9E-435B-9AA3-DD45DB2AA4DB}.SHDebug|Default.ActiveCfg = Debug|Win32
		{68A067E3-BB9E-435B-9AA3-DD45DB2AA4DB}.SHDebug|Default.Build.0 = Debug|Win32
		{E7A12117-F3B0-4C68-9B44-66CEFCA3AEAA}.Debug|Default.ActiveCfg = Debug|Win32
		{E7A12117-F3B0-4C68-9B44-66CEFCA3AEAA}.Debug|Default.Build.0 = Debug|Win32
		{E7A12117-F3B0-4C68-9B44-66CEFCA3AEAA}.DemoDebug|Default.ActiveCfg = DemoDebug|Win32
		{E7A12117-F3B0-4C68-9B44-66CEFCA3AEAA}.DemoDebug|Default.Build.0 = DemoDebug|Win32
		{E7A12117-F3B0-4C68-9B44-66CEFCA3AEAA}.DemoFinal|Default.ActiveCfg = DemoFinal|Win32
		{E7A12117-F3B0-4C68-9B44-66CEFCA3AEAA}.DemoFinal|Default.Build.0 = DemoFinal|Win32
		{E7A12117-F3B0-4C68-9B44-66CEFCA3AEAA}.DemoRelease|Default.ActiveCfg = DemoRelease|Win32
		{E7A12117-F3B0-4C68-9B44-66CEFCA3AEAA}.DemoRelease|Default.Build.0 = DemoRelease|Win32
		{E7A12117-F3B0-4C68-9B44-66CEFCA3AEAA}.FinalBuild|Default.ActiveCfg = FinalBuild|Win32
		{E7A12117-F3B0-4C68-9B44-66CEFCA3AEAA}.FinalBuild|Default.Build.0 = FinalBuild|Win32
		{E7A12117-F3B0-4C68-9B44-66CEFCA3AEAA}.Release|Default.ActiveCfg = Release|Win32
		{E7A12117-F3B0-4C68-9B44-66CEFCA3AEAA}.Release|Default.Build.0 = Release|Win32
		{E7A12117-F3B0-4C68-9B44-66CEFCA3AEAA}.SHDebug|Default.ActiveCfg = Debug|Win32
		{E7A12117-F3B0-4C68-9B44-66CEFCA3AEAA}.SHDebug|Default.Build.0 = Debug|Win32
	EndGlobalSection
	GlobalSection(SolutionProperties) = preSolution
		HideSolutionNode = FALSE
	EndGlobalSection
	GlobalSection(DevPartner) = postSolution
	EndGlobalSection
	GlobalSection(DevPartner) = postSolution
	EndGlobalSection
EndGlobal
