Microsoft Visual Studio Solution File, Format Version 9.00
# Visual Studio 2005
Project("{8BC9CEB8-8B4A-11D0-8D11-00A0C91BC942}") = "x_exe", "x_exe\x_exe.vcproj", "{FD1DA207-0D4A-47A8-A6AD-B81AE1BA28DA}"
	ProjectSection(ProjectDependencies) = postProject
		{E7A12117-F3B0-4C68-9B44-66CEFCA3AEAA} = {E7A12117-F3B0-4C68-9B44-66CEFCA3AEAA}
		{68A067E3-BB9E-435B-9AA3-DD45DB2AA4DB} = {68A067E3-BB9E-435B-9AA3-DD45DB2AA4DB}
	EndProjectSection
EndProject
Project("{8BC9CEB8-8B4A-11D0-8D11-00A0C91BC942}") = "goblib", "goblib\goblib.vcproj", "{68A067E3-BB9E-435B-9AA3-DD45DB2AA4DB}"
EndProject
Project("{8BC9CEB8-8B4A-11D0-8D11-00A0C91BC942}") = "x_game", "x_game\x_game.vcproj", "{E7A12117-F3B0-4C68-9B44-66CEFCA3AEAA}"
EndProject
Project("{2150E333-8FDC-42A3-9474-1A3956D46DE8}") = "Solution Items", "Solution Items", "{0B4617D3-3152-45F7-BAB5-37EE026EEB41}"
EndProject
Global
	GlobalSection(SolutionConfigurationPlatforms) = preSolution
		Release|Win32 = Release|Win32
	EndGlobalSection
	GlobalSection(ProjectConfigurationPlatforms) = postSolution
		{FD1DA207-0D4A-47A8-A6AD-B81AE1BA28DA}.Release|Win32.ActiveCfg = Release|Win32
		{FD1DA207-0D4A-47A8-A6AD-B81AE1BA28DA}.Release|Win32.Build.0 = Release|Win32
		{68A067E3-BB9E-435B-9AA3-DD45DB2AA4DB}.Release|Win32.ActiveCfg = Release|Win32
		{68A067E3-BB9E-435B-9AA3-DD45DB2AA4DB}.Release|Win32.Build.0 = Release|Win32
		{E7A12117-F3B0-4C68-9B44-66CEFCA3AEAA}.Release|Win32.ActiveCfg = Release|Win32
		{E7A12117-F3B0-4C68-9B44-66CEFCA3AEAA}.Release|Win32.Build.0 = Release|Win32
	EndGlobalSection
	GlobalSection(SolutionProperties) = preSolution
		HideSolutionNode = FALSE
	EndGlobalSection
	GlobalSection(DevPartner) = postSolution
	EndGlobalSection
	GlobalSection(DevPartner) = postSolution
	EndGlobalSection
EndGlobal
